Microsoft Visual Studio Solution File, Format Version 12.00
# Visual Studio Version 17
VisualStudioVersion = 17.5.2.0
MinimumVisualStudioVersion = 10.0.40219.1
Project("{FAE04EC0-301F-11D3-BF4B-00C04F79EFBC}") = "ParkShareApi", "ParkShareApi.csproj", "{4EEFC57F-1EBD-94AE-2754-C1E08EFFD514}"
EndProject
Global
	GlobalSection(SolutionConfigurationPlatforms) = preSolution
		Debug|Any CPU = Debug|Any CPU
		Release|Any CPU = Release|Any CPU
	EndGlobalSection
	GlobalSection(ProjectConfigurationPlatforms) = postSolution
		{4EEFC57F-1EBD-94AE-2754-C1E08EFFD514}.Debug|Any CPU.ActiveCfg = Debug|Any CPU
		{4EEFC57F-1EBD-94AE-2754-C1E08EFFD514}.Debug|Any CPU.Build.0 = Debug|Any CPU
		{4EEFC57F-1EBD-94AE-2754-C1E08EFFD514}.Release|Any CPU.ActiveCfg = Release|Any CPU
		{4EEFC57F-1EBD-94AE-2754-C1E08EFFD514}.Release|Any CPU.Build.0 = Release|Any CPU
	EndGlobalSection
	GlobalSection(SolutionProperties) = preSolution
		HideSolutionNode = FALSE
	EndGlobalSection
	GlobalSection(ExtensibilityGlobals) = postSolution
		SolutionGuid = {D9F56E96-96C4-4674-B949-59F70C146ACB}
	EndGlobalSection
EndGlobal
